
Microsoft Visual Studio Solution File, Format Version 12.00
# Visual Studio Version 16
VisualStudioVersion = 16.0.31025.194
MinimumVisualStudioVersion = 10.0.40219.1
Project("{FAE04EC0-301F-11D3-BF4B-00C04F79EFBC}") = "SqlApps", "SqlApps\SqlApps.csproj", "{632B2CB5-9373-4975-8333-EB2D6103C63D}"
EndProject
Global
	GlobalSection(SolutionConfigurationPlatforms) = preSolution
		Debug|Any CPU = Debug|Any CPU
		Release|Any CPU = Release|Any CPU
	EndGlobalSection
	GlobalSection(ProjectConfigurationPlatforms) = postSolution
		{632B2CB5-9373-4975-8333-EB2D6103C63D}.Debug|Any CPU.ActiveCfg = Debug|Any CPU
		{632B2CB5-9373-4975-8333-EB2D6103C63D}.Debug|Any CPU.Build.0 = Debug|Any CPU
		{632B2CB5-9373-4975-8333-EB2D6103C63D}.Release|Any CPU.ActiveCfg = Release|Any CPU
		{632B2CB5-9373-4975-8333-EB2D6103C63D}.Release|Any CPU.Build.0 = Release|Any CPU
	EndGlobalSection
	GlobalSection(SolutionProperties) = preSolution
		HideSolutionNode = FALSE
	EndGlobalSection
	GlobalSection(ExtensibilityGlobals) = postSolution
		SolutionGuid = {70770E04-C2C2-4EA8-A816-C196F2BE39C8}
	EndGlobalSection
EndGlobal
